PODS:
  - Introspect (0.1.1)
  - SwiftUIRefresh (0.0.3):
    - Introspect (~> 0.1.0)

DEPENDENCIES:
  - SwiftUIRefresh

SPEC REPOS:
  trunk:
    - Introspect
    - SwiftUIRefresh

SPEC CHECKSUMS:
  Introspect: 50c17d6b1f091f4cfd678ea8a4157ac071808fe3
  SwiftUIRefresh: ca6ae2718d25aad5dd68bbf5d2ae36ef6ade98bf

PODFILE CHECKSUM: 1303d25402b5ab0589488c35e56196060eebe536

COCOAPODS: 1.10.0
